
Microsoft Visual Studio Solution File, Format Version 10.00
# Visual Studio 2008
Project("{8BC9CEB8-8B4A-11D0-8D11-00A0C91BC942}") = "libmrnet", "libmrnet.vcproj", "{87F3491E-E79B-450B-AD1B-AB68D2594AAB}"
	ProjectSection(ProjectDependencies) = postProject
		{6009C354-8FF4-44B2-9ED6-F3380B8281B0} = {6009C354-8FF4-44B2-9ED6-F3380B8281B0}
	EndProjectSection
EndProject
Project("{8BC9CEB8-8B4A-11D0-8D11-00A0C91BC942}") = "libxplat", "libxplat.vcproj", "{6009C354-8FF4-44B2-9ED6-F3380B8281B0}"
EndProject
Project("{8BC9CEB8-8B4A-11D0-8D11-00A0C91BC942}") = "mrnet_commnode", "mrnet_commnode.vcproj", "{2DBDAF65-14DC-4E7C-988D-D8FB491F37A0}"
	ProjectSection(ProjectDependencies) = postProject
		{87F3491E-E79B-450B-AD1B-AB68D2594AAB} = {87F3491E-E79B-450B-AD1B-AB68D2594AAB}
		{6009C354-8FF4-44B2-9ED6-F3380B8281B0} = {6009C354-8FF4-44B2-9ED6-F3380B8281B0}
	EndProjectSection
EndProject
Project("{8BC9CEB8-8B4A-11D0-8D11-00A0C91BC942}") = "libmrnet_lightweight", "libmrnet_lightweight.vcproj", "{2BDE360C-ACD2-4BC0-B9CC-9AA9513702BD}"
	ProjectSection(ProjectDependencies) = postProject
		{35EFAC4F-15EE-4168-8FC8-FDE5C917B770} = {35EFAC4F-15EE-4168-8FC8-FDE5C917B770}
	EndProjectSection
EndProject
Project("{8BC9CEB8-8B4A-11D0-8D11-00A0C91BC942}") = "libxplat_lightweight", "libxplat_lightweight.vcproj", "{35EFAC4F-15EE-4168-8FC8-FDE5C917B770}"
EndProject
Project("{8BC9CEB8-8B4A-11D0-8D11-00A0C91BC942}") = "microbench_BE", "microbench_BE.vcproj", "{04D7B474-038F-452A-9740-22FE874E7B7E}"
	ProjectSection(ProjectDependencies) = postProject
		{87F3491E-E79B-450B-AD1B-AB68D2594AAB} = {87F3491E-E79B-450B-AD1B-AB68D2594AAB}
		{6009C354-8FF4-44B2-9ED6-F3380B8281B0} = {6009C354-8FF4-44B2-9ED6-F3380B8281B0}
	EndProjectSection
EndProject
Project("{8BC9CEB8-8B4A-11D0-8D11-00A0C91BC942}") = "microbench_BE_lightweight", "microbench_BE_lightweight.vcproj", "{7A951AE8-E506-4098-8256-F61C4EE27DC2}"
	ProjectSection(ProjectDependencies) = postProject
		{2BDE360C-ACD2-4BC0-B9CC-9AA9513702BD} = {2BDE360C-ACD2-4BC0-B9CC-9AA9513702BD}
		{35EFAC4F-15EE-4168-8FC8-FDE5C917B770} = {35EFAC4F-15EE-4168-8FC8-FDE5C917B770}
	EndProjectSection
EndProject
Project("{8BC9CEB8-8B4A-11D0-8D11-00A0C91BC942}") = "microbench_FE", "microbench_FE.vcproj", "{065B2CCD-F6BE-4B4E-AB54-2255A3E19186}"
	ProjectSection(ProjectDependencies) = postProject
		{87F3491E-E79B-450B-AD1B-AB68D2594AAB} = {87F3491E-E79B-450B-AD1B-AB68D2594AAB}
		{6009C354-8FF4-44B2-9ED6-F3380B8281B0} = {6009C354-8FF4-44B2-9ED6-F3380B8281B0}
	EndProjectSection
EndProject
Project("{8BC9CEB8-8B4A-11D0-8D11-00A0C91BC942}") = "test_arrays_BE", "test_arrays_BE.vcproj", "{8551510E-49C3-49D9-991C-07D7770A6ED6}"
	ProjectSection(ProjectDependencies) = postProject
		{87F3491E-E79B-450B-AD1B-AB68D2594AAB} = {87F3491E-E79B-450B-AD1B-AB68D2594AAB}
		{6009C354-8FF4-44B2-9ED6-F3380B8281B0} = {6009C354-8FF4-44B2-9ED6-F3380B8281B0}
	EndProjectSection
EndProject
Project("{8BC9CEB8-8B4A-11D0-8D11-00A0C91BC942}") = "test_arrays_BE_lightweight", "test_arrays_BE_lightweight.vcproj", "{9A35DC67-44A8-4D45-8E6F-7FAC4A42423B}"
	ProjectSection(ProjectDependencies) = postProject
		{2BDE360C-ACD2-4BC0-B9CC-9AA9513702BD} = {2BDE360C-ACD2-4BC0-B9CC-9AA9513702BD}
		{35EFAC4F-15EE-4168-8FC8-FDE5C917B770} = {35EFAC4F-15EE-4168-8FC8-FDE5C917B770}
	EndProjectSection
EndProject
Project("{8BC9CEB8-8B4A-11D0-8D11-00A0C91BC942}") = "test_arrays_FE", "test_arrays_FE.vcproj", "{3CD85C12-45D0-4985-AA17-0ED9052900FC}"
	ProjectSection(ProjectDependencies) = postProject
		{87F3491E-E79B-450B-AD1B-AB68D2594AAB} = {87F3491E-E79B-450B-AD1B-AB68D2594AAB}
		{6009C354-8FF4-44B2-9ED6-F3380B8281B0} = {6009C354-8FF4-44B2-9ED6-F3380B8281B0}
	EndProjectSection
EndProject
Project("{8BC9CEB8-8B4A-11D0-8D11-00A0C91BC942}") = "test_basic_BE", "test_basic_BE.vcproj", "{DD8C3123-26B6-489C-B2A8-0434899D19F4}"
	ProjectSection(ProjectDependencies) = postProject
		{87F3491E-E79B-450B-AD1B-AB68D2594AAB} = {87F3491E-E79B-450B-AD1B-AB68D2594AAB}
		{6009C354-8FF4-44B2-9ED6-F3380B8281B0} = {6009C354-8FF4-44B2-9ED6-F3380B8281B0}
	EndProjectSection
EndProject
Project("{8BC9CEB8-8B4A-11D0-8D11-00A0C91BC942}") = "test_basic_FE", "test_basic_FE.vcproj", "{64713619-8536-4350-9973-0AD0A8254626}"
	ProjectSection(ProjectDependencies) = postProject
		{87F3491E-E79B-450B-AD1B-AB68D2594AAB} = {87F3491E-E79B-450B-AD1B-AB68D2594AAB}
		{6009C354-8FF4-44B2-9ED6-F3380B8281B0} = {6009C354-8FF4-44B2-9ED6-F3380B8281B0}
	EndProjectSection
EndProject
Project("{8BC9CEB8-8B4A-11D0-8D11-00A0C91BC942}") = "test_basic_BE_lightweight", "test_basic_BE_lightweight.vcproj", "{2AB0DE32-AA70-4778-9133-9FC945824877}"
	ProjectSection(ProjectDependencies) = postProject
		{2BDE360C-ACD2-4BC0-B9CC-9AA9513702BD} = {2BDE360C-ACD2-4BC0-B9CC-9AA9513702BD}
		{35EFAC4F-15EE-4168-8FC8-FDE5C917B770} = {35EFAC4F-15EE-4168-8FC8-FDE5C917B770}
	EndProjectSection
EndProject
Project("{8BC9CEB8-8B4A-11D0-8D11-00A0C91BC942}") = "test_MultStreams_BE", "test_MultStreams_BE.vcproj", "{30BCAF51-D0B4-46C9-8DDB-1BFA6545C905}"
	ProjectSection(ProjectDependencies) = postProject
		{87F3491E-E79B-450B-AD1B-AB68D2594AAB} = {87F3491E-E79B-450B-AD1B-AB68D2594AAB}
		{6009C354-8FF4-44B2-9ED6-F3380B8281B0} = {6009C354-8FF4-44B2-9ED6-F3380B8281B0}
	EndProjectSection
EndProject
Project("{8BC9CEB8-8B4A-11D0-8D11-00A0C91BC942}") = "test_MultStreams_BE_lightweight", "test_MultStreams_BE_lightweight.vcproj", "{A2EFF4D5-C796-43BD-87A5-702C30E259EA}"
	ProjectSection(ProjectDependencies) = postProject
		{2BDE360C-ACD2-4BC0-B9CC-9AA9513702BD} = {2BDE360C-ACD2-4BC0-B9CC-9AA9513702BD}
		{35EFAC4F-15EE-4168-8FC8-FDE5C917B770} = {35EFAC4F-15EE-4168-8FC8-FDE5C917B770}
	EndProjectSection
EndProject
Project("{8BC9CEB8-8B4A-11D0-8D11-00A0C91BC942}") = "test_MultStreams_FE", "test_MultStreams_FE.vcproj", "{F53C6841-FE24-40A9-B490-766E0EDBAEFC}"
	ProjectSection(ProjectDependencies) = postProject
		{87F3491E-E79B-450B-AD1B-AB68D2594AAB} = {87F3491E-E79B-450B-AD1B-AB68D2594AAB}
		{6009C354-8FF4-44B2-9ED6-F3380B8281B0} = {6009C354-8FF4-44B2-9ED6-F3380B8281B0}
	EndProjectSection
EndProject
Project("{8BC9CEB8-8B4A-11D0-8D11-00A0C91BC942}") = "test_NativeFilters_BE", "test_NativeFilters_BE.vcproj", "{850B79DD-27CD-476F-B4C4-95BC4A5BD5F1}"
	ProjectSection(ProjectDependencies) = postProject
		{87F3491E-E79B-450B-AD1B-AB68D2594AAB} = {87F3491E-E79B-450B-AD1B-AB68D2594AAB}
		{6009C354-8FF4-44B2-9ED6-F3380B8281B0} = {6009C354-8FF4-44B2-9ED6-F3380B8281B0}
	EndProjectSection
EndProject
Project("{8BC9CEB8-8B4A-11D0-8D11-00A0C91BC942}") = "test_NativeFilters_BE_lightweight", "test_NativeFilters_BE_lightweight.vcproj", "{90103471-3AF6-46B7-8B11-294E1226C249}"
	ProjectSection(ProjectDependencies) = postProject
		{2BDE360C-ACD2-4BC0-B9CC-9AA9513702BD} = {2BDE360C-ACD2-4BC0-B9CC-9AA9513702BD}
		{35EFAC4F-15EE-4168-8FC8-FDE5C917B770} = {35EFAC4F-15EE-4168-8FC8-FDE5C917B770}
	EndProjectSection
EndProject
Project("{8BC9CEB8-8B4A-11D0-8D11-00A0C91BC942}") = "test_NativeFilters_FE", "test_NativeFilters_FE.vcproj", "{A511D74C-0C52-4ED9-818A-849420ACA849}"
	ProjectSection(ProjectDependencies) = postProject
		{87F3491E-E79B-450B-AD1B-AB68D2594AAB} = {87F3491E-E79B-450B-AD1B-AB68D2594AAB}
		{6009C354-8FF4-44B2-9ED6-F3380B8281B0} = {6009C354-8FF4-44B2-9ED6-F3380B8281B0}
	EndProjectSection
EndProject
Project("{8BC9CEB8-8B4A-11D0-8D11-00A0C91BC942}") = "PerThreadStreams_FE", "PerThreadStreams_FE.vcproj", "{DDB41D6E-DFBF-4C9E-B690-93FAB7D78369}"
	ProjectSection(ProjectDependencies) = postProject
		{87F3491E-E79B-450B-AD1B-AB68D2594AAB} = {87F3491E-E79B-450B-AD1B-AB68D2594AAB}
		{6009C354-8FF4-44B2-9ED6-F3380B8281B0} = {6009C354-8FF4-44B2-9ED6-F3380B8281B0}
	EndProjectSection
EndProject
Project("{8BC9CEB8-8B4A-11D0-8D11-00A0C91BC942}") = "PerThreadStreams_BE", "PerThreadStreams_BE.vcproj", "{EFFDB4C1-3304-47CF-A314-2E342E569885}"
	ProjectSection(ProjectDependencies) = postProject
		{87F3491E-E79B-450B-AD1B-AB68D2594AAB} = {87F3491E-E79B-450B-AD1B-AB68D2594AAB}
		{6009C354-8FF4-44B2-9ED6-F3380B8281B0} = {6009C354-8FF4-44B2-9ED6-F3380B8281B0}
	EndProjectSection
EndProject
Project("{8BC9CEB8-8B4A-11D0-8D11-00A0C91BC942}") = "PerThreadStreamsFilter", "PerThreadStreamsFilter.vcproj", "{8836D77B-2586-4B4D-9512-97ADA867B1B8}"
	ProjectSection(ProjectDependencies) = postProject
		{87F3491E-E79B-450B-AD1B-AB68D2594AAB} = {87F3491E-E79B-450B-AD1B-AB68D2594AAB}
		{6009C354-8FF4-44B2-9ED6-F3380B8281B0} = {6009C354-8FF4-44B2-9ED6-F3380B8281B0}
	EndProjectSection
EndProject
Project("{8BC9CEB8-8B4A-11D0-8D11-00A0C91BC942}") = "PerThreadStreams_BE_lightweight", "PerThreadStreams_BE_lightweight.vcproj", "{ACBC2B21-A374-4079-8293-96AFD3EEC09C}"
	ProjectSection(ProjectDependencies) = postProject
		{2BDE360C-ACD2-4BC0-B9CC-9AA9513702BD} = {2BDE360C-ACD2-4BC0-B9CC-9AA9513702BD}
		{35EFAC4F-15EE-4168-8FC8-FDE5C917B770} = {35EFAC4F-15EE-4168-8FC8-FDE5C917B770}
	EndProjectSection
EndProject
Project("{8BC9CEB8-8B4A-11D0-8D11-00A0C91BC942}") = "mrnet_topgen", "topgen.vcproj", "{A4F3F9DD-A9DE-4805-8424-728982525471}"
	ProjectSection(ProjectDependencies) = postProject
		{87F3491E-E79B-450B-AD1B-AB68D2594AAB} = {87F3491E-E79B-450B-AD1B-AB68D2594AAB}
		{6009C354-8FF4-44B2-9ED6-F3380B8281B0} = {6009C354-8FF4-44B2-9ED6-F3380B8281B0}
	EndProjectSection
EndProject
Global
	GlobalSection(SolutionConfigurationPlatforms) = preSolution
		Debug|Win32 = Debug|Win32
		Release|Win32 = Release|Win32
	EndGlobalSection
	GlobalSection(ProjectConfigurationPlatforms) = postSolution
		{87F3491E-E79B-450B-AD1B-AB68D2594AAB}.Debug|Win32.ActiveCfg = Debug|Win32
		{87F3491E-E79B-450B-AD1B-AB68D2594AAB}.Debug|Win32.Build.0 = Debug|Win32
		{87F3491E-E79B-450B-AD1B-AB68D2594AAB}.Release|Win32.ActiveCfg = Release|Win32
		{87F3491E-E79B-450B-AD1B-AB68D2594AAB}.Release|Win32.Build.0 = Release|Win32
		{6009C354-8FF4-44B2-9ED6-F3380B8281B0}.Debug|Win32.ActiveCfg = Debug|Win32
		{6009C354-8FF4-44B2-9ED6-F3380B8281B0}.Debug|Win32.Build.0 = Debug|Win32
		{6009C354-8FF4-44B2-9ED6-F3380B8281B0}.Release|Win32.ActiveCfg = Release|Win32
		{6009C354-8FF4-44B2-9ED6-F3380B8281B0}.Release|Win32.Build.0 = Release|Win32
		{2DBDAF65-14DC-4E7C-988D-D8FB491F37A0}.Debug|Win32.ActiveCfg = Debug|Win32
		{2DBDAF65-14DC-4E7C-988D-D8FB491F37A0}.Debug|Win32.Build.0 = Debug|Win32
		{2DBDAF65-14DC-4E7C-988D-D8FB491F37A0}.Release|Win32.ActiveCfg = Release|Win32
		{2DBDAF65-14DC-4E7C-988D-D8FB491F37A0}.Release|Win32.Build.0 = Release|Win32
		{2BDE360C-ACD2-4BC0-B9CC-9AA9513702BD}.Debug|Win32.ActiveCfg = Debug|Win32
		{2BDE360C-ACD2-4BC0-B9CC-9AA9513702BD}.Debug|Win32.Build.0 = Debug|Win32
		{2BDE360C-ACD2-4BC0-B9CC-9AA9513702BD}.Release|Win32.ActiveCfg = Release|Win32
		{2BDE360C-ACD2-4BC0-B9CC-9AA9513702BD}.Release|Win32.Build.0 = Release|Win32
		{35EFAC4F-15EE-4168-8FC8-FDE5C917B770}.Debug|Win32.ActiveCfg = Debug|Win32
		{35EFAC4F-15EE-4168-8FC8-FDE5C917B770}.Debug|Win32.Build.0 = Debug|Win32
		{35EFAC4F-15EE-4168-8FC8-FDE5C917B770}.Release|Win32.ActiveCfg = Release|Win32
		{35EFAC4F-15EE-4168-8FC8-FDE5C917B770}.Release|Win32.Build.0 = Release|Win32
		{04D7B474-038F-452A-9740-22FE874E7B7E}.Debug|Win32.ActiveCfg = Debug|Win32
		{04D7B474-038F-452A-9740-22FE874E7B7E}.Debug|Win32.Build.0 = Debug|Win32
		{04D7B474-038F-452A-9740-22FE874E7B7E}.Release|Win32.ActiveCfg = Release|Win32
		{04D7B474-038F-452A-9740-22FE874E7B7E}.Release|Win32.Build.0 = Release|Win32
		{7A951AE8-E506-4098-8256-F61C4EE27DC2}.Debug|Win32.ActiveCfg = Debug|Win32
		{7A951AE8-E506-4098-8256-F61C4EE27DC2}.Debug|Win32.Build.0 = Debug|Win32
		{7A951AE8-E506-4098-8256-F61C4EE27DC2}.Release|Win32.ActiveCfg = Release|Win32
		{7A951AE8-E506-4098-8256-F61C4EE27DC2}.Release|Win32.Build.0 = Release|Win32
		{065B2CCD-F6BE-4B4E-AB54-2255A3E19186}.Debug|Win32.ActiveCfg = Debug|Win32
		{065B2CCD-F6BE-4B4E-AB54-2255A3E19186}.Debug|Win32.Build.0 = Debug|Win32
		{065B2CCD-F6BE-4B4E-AB54-2255A3E19186}.Release|Win32.ActiveCfg = Release|Win32
		{065B2CCD-F6BE-4B4E-AB54-2255A3E19186}.Release|Win32.Build.0 = Release|Win32
		{8551510E-49C3-49D9-991C-07D7770A6ED6}.Debug|Win32.ActiveCfg = Debug|Win32
		{8551510E-49C3-49D9-991C-07D7770A6ED6}.Debug|Win32.Build.0 = Debug|Win32
		{8551510E-49C3-49D9-991C-07D7770A6ED6}.Release|Win32.ActiveCfg = Release|Win32
		{8551510E-49C3-49D9-991C-07D7770A6ED6}.Release|Win32.Build.0 = Release|Win32
		{9A35DC67-44A8-4D45-8E6F-7FAC4A42423B}.Debug|Win32.ActiveCfg = Debug|Win32
		{9A35DC67-44A8-4D45-8E6F-7FAC4A42423B}.Debug|Win32.Build.0 = Debug|Win32
		{9A35DC67-44A8-4D45-8E6F-7FAC4A42423B}.Release|Win32.ActiveCfg = Release|Win32
		{9A35DC67-44A8-4D45-8E6F-7FAC4A42423B}.Release|Win32.Build.0 = Release|Win32
		{3CD85C12-45D0-4985-AA17-0ED9052900FC}.Debug|Win32.ActiveCfg = Debug|Win32
		{3CD85C12-45D0-4985-AA17-0ED9052900FC}.Debug|Win32.Build.0 = Debug|Win32
		{3CD85C12-45D0-4985-AA17-0ED9052900FC}.Release|Win32.ActiveCfg = Release|Win32
		{3CD85C12-45D0-4985-AA17-0ED9052900FC}.Release|Win32.Build.0 = Release|Win32
		{DD8C3123-26B6-489C-B2A8-0434899D19F4}.Debug|Win32.ActiveCfg = Debug|Win32
		{DD8C3123-26B6-489C-B2A8-0434899D19F4}.Debug|Win32.Build.0 = Debug|Win32
		{DD8C3123-26B6-489C-B2A8-0434899D19F4}.Release|Win32.ActiveCfg = Release|Win32
		{DD8C3123-26B6-489C-B2A8-0434899D19F4}.Release|Win32.Build.0 = Release|Win32
		{64713619-8536-4350-9973-0AD0A8254626}.Debug|Win32.ActiveCfg = Debug|Win32
		{64713619-8536-4350-9973-0AD0A8254626}.Debug|Win32.Build.0 = Debug|Win32
		{64713619-8536-4350-9973-0AD0A8254626}.Release|Win32.ActiveCfg = Release|Win32
		{64713619-8536-4350-9973-0AD0A8254626}.Release|Win32.Build.0 = Release|Win32
		{2AB0DE32-AA70-4778-9133-9FC945824877}.Debug|Win32.ActiveCfg = Debug|Win32
		{2AB0DE32-AA70-4778-9133-9FC945824877}.Debug|Win32.Build.0 = Debug|Win32
		{2AB0DE32-AA70-4778-9133-9FC945824877}.Release|Win32.ActiveCfg = Release|Win32
		{2AB0DE32-AA70-4778-9133-9FC945824877}.Release|Win32.Build.0 = Release|Win32
		{30BCAF51-D0B4-46C9-8DDB-1BFA6545C905}.Debug|Win32.ActiveCfg = Debug|Win32
		{30BCAF51-D0B4-46C9-8DDB-1BFA6545C905}.Debug|Win32.Build.0 = Debug|Win32
		{30BCAF51-D0B4-46C9-8DDB-1BFA6545C905}.Release|Win32.ActiveCfg = Release|Win32
		{30BCAF51-D0B4-46C9-8DDB-1BFA6545C905}.Release|Win32.Build.0 = Release|Win32
		{A2EFF4D5-C796-43BD-87A5-702C30E259EA}.Debug|Win32.ActiveCfg = Debug|Win32
		{A2EFF4D5-C796-43BD-87A5-702C30E259EA}.Debug|Win32.Build.0 = Debug|Win32
		{A2EFF4D5-C796-43BD-87A5-702C30E259EA}.Release|Win32.ActiveCfg = Release|Win32
		{A2EFF4D5-C796-43BD-87A5-702C30E259EA}.Release|Win32.Build.0 = Release|Win32
		{F53C6841-FE24-40A9-B490-766E0EDBAEFC}.Debug|Win32.ActiveCfg = Debug|Win32
		{F53C6841-FE24-40A9-B490-766E0EDBAEFC}.Debug|Win32.Build.0 = Debug|Win32
		{F53C6841-FE24-40A9-B490-766E0EDBAEFC}.Release|Win32.ActiveCfg = Release|Win32
		{F53C6841-FE24-40A9-B490-766E0EDBAEFC}.Release|Win32.Build.0 = Release|Win32
		{850B79DD-27CD-476F-B4C4-95BC4A5BD5F1}.Debug|Win32.ActiveCfg = Debug|Win32
		{850B79DD-27CD-476F-B4C4-95BC4A5BD5F1}.Debug|Win32.Build.0 = Debug|Win32
		{850B79DD-27CD-476F-B4C4-95BC4A5BD5F1}.Release|Win32.ActiveCfg = Release|Win32
		{850B79DD-27CD-476F-B4C4-95BC4A5BD5F1}.Release|Win32.Build.0 = Release|Win32
		{90103471-3AF6-46B7-8B11-294E1226C249}.Debug|Win32.ActiveCfg = Debug|Win32
		{90103471-3AF6-46B7-8B11-294E1226C249}.Debug|Win32.Build.0 = Debug|Win32
		{90103471-3AF6-46B7-8B11-294E1226C249}.Release|Win32.ActiveCfg = Release|Win32
		{90103471-3AF6-46B7-8B11-294E1226C249}.Release|Win32.Build.0 = Release|Win32
		{A511D74C-0C52-4ED9-818A-849420ACA849}.Debug|Win32.ActiveCfg = Debug|Win32
		{A511D74C-0C52-4ED9-818A-849420ACA849}.Debug|Win32.Build.0 = Debug|Win32
		{A511D74C-0C52-4ED9-818A-849420ACA849}.Release|Win32.ActiveCfg = Release|Win32
		{A511D74C-0C52-4ED9-818A-849420ACA849}.Release|Win32.Build.0 = Release|Win32
		{DDB41D6E-DFBF-4C9E-B690-93FAB7D78369}.Debug|Win32.ActiveCfg = Debug|Win32
		{DDB41D6E-DFBF-4C9E-B690-93FAB7D78369}.Debug|Win32.Build.0 = Debug|Win32
		{DDB41D6E-DFBF-4C9E-B690-93FAB7D78369}.Release|Win32.ActiveCfg = Release|Win32
		{DDB41D6E-DFBF-4C9E-B690-93FAB7D78369}.Release|Win32.Build.0 = Release|Win32
		{EFFDB4C1-3304-47CF-A314-2E342E569885}.Debug|Win32.ActiveCfg = Debug|Win32
		{EFFDB4C1-3304-47CF-A314-2E342E569885}.Debug|Win32.Build.0 = Debug|Win32
		{EFFDB4C1-3304-47CF-A314-2E342E569885}.Release|Win32.ActiveCfg = Release|Win32
		{EFFDB4C1-3304-47CF-A314-2E342E569885}.Release|Win32.Build.0 = Release|Win32
		{8836D77B-2586-4B4D-9512-97ADA867B1B8}.Debug|Win32.ActiveCfg = Debug|Win32
		{8836D77B-2586-4B4D-9512-97ADA867B1B8}.Debug|Win32.Build.0 = Debug|Win32
		{8836D77B-2586-4B4D-9512-97ADA867B1B8}.Release|Win32.ActiveCfg = Release|Win32
		{8836D77B-2586-4B4D-9512-97ADA867B1B8}.Release|Win32.Build.0 = Release|Win32
		{ACBC2B21-A374-4079-8293-96AFD3EEC09C}.Debug|Win32.ActiveCfg = Debug|Win32
		{ACBC2B21-A374-4079-8293-96AFD3EEC09C}.Debug|Win32.Build.0 = Debug|Win32
		{ACBC2B21-A374-4079-8293-96AFD3EEC09C}.Release|Win32.ActiveCfg = Release|Win32
		{ACBC2B21-A374-4079-8293-96AFD3EEC09C}.Release|Win32.Build.0 = Release|Win32
		{A4F3F9DD-A9DE-4805-8424-728982525471}.Debug|Win32.ActiveCfg = Debug|Win32
		{A4F3F9DD-A9DE-4805-8424-728982525471}.Debug|Win32.Build.0 = Debug|Win32
		{A4F3F9DD-A9DE-4805-8424-728982525471}.Release|Win32.ActiveCfg = Release|Win32
		{A4F3F9DD-A9DE-4805-8424-728982525471}.Release|Win32.Build.0 = Release|Win32
	EndGlobalSection
	GlobalSection(SolutionProperties) = preSolution
		HideSolutionNode = FALSE
	EndGlobalSection
EndGlobal
